
Microsoft Visual Studio Solution File, Format Version 12.00
# Visual Studio 15
VisualStudioVersion = 15.0.28307.1321
MinimumVisualStudioVersion = 10.0.40219.1
Project("{FAE04EC0-301F-11D3-BF4B-00C04F79EFBC}") = "WebApplication2", "WebApplication2\WebApplication2.csproj", "{F3687F1E-22BB-4B8F-BFE6-CAAC0DC3B5A9}"
EndProject
Global
	GlobalSection(SolutionConfigurationPlatforms) = preSolution
		Debug|Any CPU = Debug|Any CPU
		Release|Any CPU = Release|Any CPU
	EndGlobalSection
	GlobalSection(ProjectConfigurationPlatforms) = postSolution
		{F3687F1E-22BB-4B8F-BFE6-CAAC0DC3B5A9}.Debug|Any CPU.ActiveCfg = Debug|Any CPU
		{F3687F1E-22BB-4B8F-BFE6-CAAC0DC3B5A9}.Debug|Any CPU.Build.0 = Debug|Any CPU
		{F3687F1E-22BB-4B8F-BFE6-CAAC0DC3B5A9}.Release|Any CPU.ActiveCfg = Release|Any CPU
		{F3687F1E-22BB-4B8F-BFE6-CAAC0DC3B5A9}.Release|Any CPU.Build.0 = Release|Any CPU
	EndGlobalSection
	GlobalSection(SolutionProperties) = preSolution
		HideSolutionNode = FALSE
	EndGlobalSection
	GlobalSection(ExtensibilityGlobals) = postSolution
		SolutionGuid = {1B78FDD5-AB58-41C4-BDE4-8E91822A9E90}
	EndGlobalSection
EndGlobal
